// !$*UTF8*$!
{
	archiveVersion = 1;
	classes = {
	};
	objectVersion = 46;
	objects = {

/* Begin PBXBuildFile section */
		826CB4F41CF76F8900E3D701 /* Session+CoreDataProperties.swift in Sources */ = {isa = PBXBuildFile; fileRef = 826CB4EA1CF76F8900E3D701 /* Session+CoreDataProperties.swift */; };
		826CB4F51CF76F8900E3D701 /* Session.swift in Sources */ = {isa = PBXBuildFile; fileRef = 826CB4EB1CF76F8900E3D701 /* Session.swift */; };
		826CB4F61CF76F8900E3D701 /* Contact_Info+CoreDataProperties.swift in Sources */ = {isa = PBXBuildFile; fileRef = 826CB4EC1CF76F8900E3D701 /* Contact_Info+CoreDataProperties.swift */; };
		826CB4F71CF76F8900E3D701 /* Contact_Info.swift in Sources */ = {isa = PBXBuildFile; fileRef = 826CB4ED1CF76F8900E3D701 /* Contact_Info.swift */; };
		826CB4F81CF76F8900E3D701 /* Exhibitor+CoreDataProperties.swift in Sources */ = {isa = PBXBuildFile; fileRef = 826CB4EE1CF76F8900E3D701 /* Exhibitor+CoreDataProperties.swift */; };
		826CB4F91CF76F8900E3D701 /* Exhibitor.swift in Sources */ = {isa = PBXBuildFile; fileRef = 826CB4EF1CF76F8900E3D701 /* Exhibitor.swift */; };
		826CB4FA1CF76F8900E3D701 /* Speaker+CoreDataProperties.swift in Sources */ = {isa = PBXBuildFile; fileRef = 826CB4F01CF76F8900E3D701 /* Speaker+CoreDataProperties.swift */; };
		826CB4FB1CF76F8900E3D701 /* Speaker.swift in Sources */ = {isa = PBXBuildFile; fileRef = 826CB4F11CF76F8900E3D701 /* Speaker.swift */; };
		826CB4FC1CF76F8900E3D701 /* User+CoreDataProperties.swift in Sources */ = {isa = PBXBuildFile; fileRef = 826CB4F21CF76F8900E3D701 /* User+CoreDataProperties.swift */; };
		826CB4FD1CF76F8900E3D701 /* User.swift in Sources */ = {isa = PBXBuildFile; fileRef = 826CB4F31CF76F8900E3D701 /* User.swift */; };
		826CB5001CF7771900E3D701 /* GenericDAO.swift in Sources */ = {isa = PBXBuildFile; fileRef = 826CB4FF1CF7771900E3D701 /* GenericDAO.swift */; };
		8274E5421CF7527C00917388 /* AppDelegate.swift in Sources */ = {isa = PBXBuildFile; fileRef = 8274E5411CF7527C00917388 /* AppDelegate.swift */; };
		8274E5441CF7527C00917388 /* ViewController.swift in Sources */ = {isa = PBXBuildFile; fileRef = 8274E5431CF7527C00917388 /* ViewController.swift */; };
		8274E5471CF7527C00917388 /* Main.storyboard in Resources */ = {isa = PBXBuildFile; fileRef = 8274E5451CF7527C00917388 /* Main.storyboard */; };
		8274E54A1CF7527C00917388 /* Mobile_Developer_Weekend.xcdatamodeld in Sources */ = {isa = PBXBuildFile; fileRef = 8274E5481CF7527C00917388 /* Mobile_Developer_Weekend.xcdatamodeld */; };
		8274E54C1CF7527C00917388 /* Assets.xcassets in Resources */ = {isa = PBXBuildFile; fileRef = 8274E54B1CF7527C00917388 /* Assets.xcassets */; };
		8274E54F1CF7527C00917388 /* LaunchScreen.storyboard in Resources */ = {isa = PBXBuildFile; fileRef = 8274E54D1CF7527C00917388 /* LaunchScreen.storyboard */; };
		8274E55A1CF7527C00917388 /* Mobile_Developer_WeekendTests.swift in Sources */ = {isa = PBXBuildFile; fileRef = 8274E5591CF7527C00917388 /* Mobile_Developer_WeekendTests.swift */; };
		8274E5651CF7527C00917388 /* Mobile_Developer_WeekendUITests.swift in Sources */ = {isa = PBXBuildFile; fileRef = 8274E5641CF7527C00917388 /* Mobile_Developer_WeekendUITests.swift */; };
/* End PBXBuildFile section */

/* Begin PBXContainerItemProxy section */
		8274E5561CF7527C00917388 /* PBXContainerItemProxy */ = {
			isa = PBXContainerItemProxy;
			containerPortal = 8274E5361CF7527C00917388 /* Project object */;
			proxyType = 1;
			remoteGlobalIDString = 8274E53D1CF7527C00917388;
			remoteInfo = "Mobile Developer Weekend";
		};
		8274E5611CF7527C00917388 /* PBXContainerItemProxy */ = {
			isa = PBXContainerItemProxy;
			containerPortal = 8274E5361CF7527C00917388 /* Project object */;
			proxyType = 1;
			remoteGlobalIDString = 8274E53D1CF7527C00917388;
			remoteInfo = "Mobile Developer Weekend";
		};
/* End PBXContainerItemProxy section */

/* Begin PBXFileReference section */
		826CB4EA1CF76F8900E3D701 /* Session+CoreDataProperties.swift */ = {isa = PBXFileReference; fileEncoding = 4; lastKnownFileType = sourcecode.swift; path = "Session+CoreDataProperties.swift"; sourceTree = "<group>"; };
		826CB4EB1CF76F8900E3D701 /* Session.swift */ = {isa = PBXFileReference; fileEncoding = 4; lastKnownFileType = sourcecode.swift; path = Session.swift; sourceTree = "<group>"; };
		826CB4EC1CF76F8900E3D701 /* Contact_Info+CoreDataProperties.swift */ = {isa = PBXFileReference; fileEncoding = 4; lastKnownFileType = sourcecode.swift; path = "Contact_Info+CoreDataProperties.swift"; sourceTree = "<group>"; };
		826CB4ED1CF76F8900E3D701 /* Contact_Info.swift */ = {isa = PBXFileReference; fileEncoding = 4; lastKnownFileType = sourcecode.swift; path = Contact_Info.swift; sourceTree = "<group>"; };
		826CB4EE1CF76F8900E3D701 /* Exhibitor+CoreDataProperties.swift */ = {isa = PBXFileReference; fileEncoding = 4; lastKnownFileType = sourcecode.swift; path = "Exhibitor+CoreDataProperties.swift"; sourceTree = "<group>"; };
		826CB4EF1CF76F8900E3D701 /* Exhibitor.swift */ = {isa = PBXFileReference; fileEncoding = 4; lastKnownFileType = sourcecode.swift; path = Exhibitor.swift; sourceTree = "<group>"; };
		826CB4F01CF76F8900E3D701 /* Speaker+CoreDataProperties.swift */ = {isa = PBXFileReference; fileEncoding = 4; lastKnownFileType = sourcecode.swift; path = "Speaker+CoreDataProperties.swift"; sourceTree = "<group>"; };
		826CB4F11CF76F8900E3D701 /* Speaker.swift */ = {isa = PBXFileReference; fileEncoding = 4; lastKnownFileType = sourcecode.swift; path = Speaker.swift; sourceTree = "<group>"; };
		826CB4F21CF76F8900E3D701 /* User+CoreDataProperties.swift */ = {isa = PBXFileReference; fileEncoding = 4; lastKnownFileType = sourcecode.swift; path = "User+CoreDataProperties.swift"; sourceTree = "<group>"; };
		826CB4F31CF76F8900E3D701 /* User.swift */ = {isa = PBXFileReference; fileEncoding = 4; lastKnownFileType = sourcecode.swift; path = User.swift; sourceTree = "<group>"; };
		826CB4FF1CF7771900E3D701 /* GenericDAO.swift */ = {isa = PBXFileReference; fileEncoding = 4; lastKnownFileType = sourcecode.swift; path = GenericDAO.swift; sourceTree = "<group>"; };
		8274E53E1CF7527C00917388 /* Mobile Developer Weekend.app */ = {isa = PBXFileReference; explicitFileType = wrapper.application; includeInIndex = 0; path = "Mobile Developer Weekend.app"; sourceTree = BUILT_PRODUCTS_DIR; };
		8274E5411CF7527C00917388 /* AppDelegate.swift */ = {isa = PBXFileReference; lastKnownFileType = sourcecode.swift; path = AppDelegate.swift; sourceTree = "<group>"; };
		8274E5431CF7527C00917388 /* ViewController.swift */ = {isa = PBXFileReference; lastKnownFileType = sourcecode.swift; path = ViewController.swift; sourceTree = "<group>"; };
		8274E5461CF7527C00917388 /* Base */ = {isa = PBXFileReference; lastKnownFileType = file.storyboard; name = Base; path = Base.lproj/Main.storyboard; sourceTree = "<group>"; };
		8274E5491CF7527C00917388 /* Mobile_Developer_Weekend.xcdatamodel */ = {isa = PBXFileReference; lastKnownFileType = wrapper.xcdatamodel; path = Mobile_Developer_Weekend.xcdatamodel; sourceTree = "<group>"; };
		8274E54B1CF7527C00917388 /* Assets.xcassets */ = {isa = PBXFileReference; lastKnownFileType = folder.assetcatalog; path = Assets.xcassets; sourceTree = "<group>"; };
		8274E54E1CF7527C00917388 /* Base */ = {isa = PBXFileReference; lastKnownFileType = file.storyboard; name = Base; path = Base.lproj/LaunchScreen.storyboard; sourceTree = "<group>"; };
		8274E5501CF7527C00917388 /* Info.plist */ = {isa = PBXFileReference; lastKnownFileType = text.plist.xml; path = Info.plist; sourceTree = "<group>"; };
		8274E5551CF7527C00917388 /* Mobile Developer WeekendTests.xctest */ = {isa = PBXFileReference; explicitFileType = wrapper.cfbundle; includeInIndex = 0; path = "Mobile Developer WeekendTests.xctest"; sourceTree = BUILT_PRODUCTS_DIR; };
		8274E5591CF7527C00917388 /* Mobile_Developer_WeekendTests.swift */ = {isa = PBXFileReference; lastKnownFileType = sourcecode.swift; path = Mobile_Developer_WeekendTests.swift; sourceTree = "<group>"; };
		8274E55B1CF7527C00917388 /* Info.plist */ = {isa = PBXFileReference; lastKnownFileType = text.plist.xml; path = Info.plist; sourceTree = "<group>"; };
		8274E5601CF7527C00917388 /* Mobile Developer WeekendUITests.xctest */ = {isa = PBXFileReference; explicitFileType = wrapper.cfbundle; includeInIndex = 0; path = "Mobile Developer WeekendUITests.xctest"; sourceTree = BUILT_PRODUCTS_DIR; };
		8274E5641CF7527C00917388 /* Mobile_Developer_WeekendUITests.swift */ = {isa = PBXFileReference; lastKnownFileType = sourcecode.swift; path = Mobile_Developer_WeekendUITests.swift; sourceTree = "<group>"; };
		8274E5661CF7527C00917388 /* Info.plist */ = {isa = PBXFileReference; lastKnownFileType = text.plist.xml; path = Info.plist; sourceTree = "<group>"; };
/* End PBXFileReference section */

/* Begin PBXFrameworksBuildPhase section */
		8274E53B1CF7527C00917388 /* Frameworks */ = {
			isa = PBXFrameworksBuildPhase;
			buildActionMask = 2147483647;
			files = (
			);
			runOnlyForDeploymentPostprocessing = 0;
		};
		8274E5521CF7527C00917388 /* Frameworks */ = {
			isa = PBXFrameworksBuildPhase;
			buildActionMask = 2147483647;
			files = (
			);
			runOnlyForDeploymentPostprocessing = 0;
		};
		8274E55D1CF7527C00917388 /* Frameworks */ = {
			isa = PBXFrameworksBuildPhase;
			buildActionMask = 2147483647;
			files = (
			);
			runOnlyForDeploymentPostprocessing = 0;
		};
/* End PBXFrameworksBuildPhase section */

/* Begin PBXGroup section */
		826CB4AC1CF7618F00E3D701 /* poso */ = {
			isa = PBXGroup;
			children = (
				826CB4EA1CF76F8900E3D701 /* Session+CoreDataProperties.swift */,
				826CB4EB1CF76F8900E3D701 /* Session.swift */,
				826CB4EC1CF76F8900E3D701 /* Contact_Info+CoreDataProperties.swift */,
				826CB4ED1CF76F8900E3D701 /* Contact_Info.swift */,
				826CB4EE1CF76F8900E3D701 /* Exhibitor+CoreDataProperties.swift */,
				826CB4EF1CF76F8900E3D701 /* Exhibitor.swift */,
				826CB4F01CF76F8900E3D701 /* Speaker+CoreDataProperties.swift */,
				826CB4F11CF76F8900E3D701 /* Speaker.swift */,
				826CB4F21CF76F8900E3D701 /* User+CoreDataProperties.swift */,
				826CB4F31CF76F8900E3D701 /* User.swift */,
			);
			name = poso;
			sourceTree = "<group>";
		};
		826CB4FE1CF776FD00E3D701 /* DAO */ = {
			isa = PBXGroup;
			children = (
				826CB4FF1CF7771900E3D701 /* GenericDAO.swift */,
			);
			name = DAO;
			sourceTree = "<group>";
		};
		8274E5351CF7527C00917388 = {
			isa = PBXGroup;
			children = (
				8274E5401CF7527C00917388 /* Mobile Developer Weekend */,
				8274E5581CF7527C00917388 /* Mobile Developer WeekendTests */,
				8274E5631CF7527C00917388 /* Mobile Developer WeekendUITests */,
				8274E53F1CF7527C00917388 /* Products */,
			);
			sourceTree = "<group>";
		};
		8274E53F1CF7527C00917388 /* Products */ = {
			isa = PBXGroup;
			children = (
				8274E53E1CF7527C00917388 /* Mobile Developer Weekend.app */,
				8274E5551CF7527C00917388 /* Mobile Developer WeekendTests.xctest */,
				8274E5601CF7527C00917388 /* Mobile Developer WeekendUITests.xctest */,
			);
			name = Products;
			sourceTree = "<group>";
		};
		8274E5401CF7527C00917388 /* Mobile Developer Weekend */ = {
			isa = PBXGroup;
			children = (
				826CB4FE1CF776FD00E3D701 /* DAO */,
				826CB4AC1CF7618F00E3D701 /* poso */,
				8274E5411CF7527C00917388 /* AppDelegate.swift */,
				8274E5431CF7527C00917388 /* ViewController.swift */,
				8274E5451CF7527C00917388 /* Main.storyboard */,
				8274E54B1CF7527C00917388 /* Assets.xcassets */,
				8274E54D1CF7527C00917388 /* LaunchScreen.storyboard */,
				8274E5501CF7527C00917388 /* Info.plist */,
				8274E5481CF7527C00917388 /* Mobile_Developer_Weekend.xcdatamodeld */,
			);
			path = "Mobile Developer Weekend";
			sourceTree = "<group>";
		};
		8274E5581CF7527C00917388 /* Mobile Developer WeekendTests */ = {
			isa = PBXGroup;
			children = (
				8274E5591CF7527C00917388 /* Mobile_Developer_WeekendTests.swift */,
				8274E55B1CF7527C00917388 /* Info.plist */,
			);
			path = "Mobile Developer WeekendTests";
			sourceTree = "<group>";
		};
		8274E5631CF7527C00917388 /* Mobile Developer WeekendUITests */ = {
			isa = PBXGroup;
			children = (
				8274E5641CF7527C00917388 /* Mobile_Developer_WeekendUITests.swift */,
				8274E5661CF7527C00917388 /* Info.plist */,
			);
			path = "Mobile Developer WeekendUITests";
			sourceTree = "<group>";
		};
/* End PBXGroup section */

/* Begin PBXNativeTarget section */
		8274E53D1CF7527C00917388 /* Mobile Developer Weekend */ = {
			isa = PBXNativeTarget;
			buildConfigurationList = 8274E5691CF7527D00917388 /* Build configuration list for PBXNativeTarget "Mobile Developer Weekend" */;
			buildPhases = (
				8274E53A1CF7527C00917388 /* Sources */,
				8274E53B1CF7527C00917388 /* Frameworks */,
				8274E53C1CF7527C00917388 /* Resources */,
			);
			buildRules = (
			);
			dependencies = (
			);
			name = "Mobile Developer Weekend";
			productName = "Mobile Developer Weekend";
			productReference = 8274E53E1CF7527C00917388 /* Mobile Developer Weekend.app */;
			productType = "com.apple.product-type.application";
		};
		8274E5541CF7527C00917388 /* Mobile Developer WeekendTests */ = {
			isa = PBXNativeTarget;
			buildConfigurationList = 8274E56C1CF7527D00917388 /* Build configuration list for PBXNativeTarget "Mobile Developer WeekendTests" */;
			buildPhases = (
				8274E5511CF7527C00917388 /* Sources */,
				8274E5521CF7527C00917388 /* Frameworks */,
				8274E5531CF7527C00917388 /* Resources */,
			);
			buildRules = (
			);
			dependencies = (
				8274E5571CF7527C00917388 /* PBXTargetDependency */,
			);
			name = "Mobile Developer WeekendTests";
			productName = "Mobile Developer WeekendTests";
			productReference = 8274E5551CF7527C00917388 /* Mobile Developer WeekendTests.xctest */;
			productType = "com.apple.product-type.bundle.unit-test";
		};
		8274E55F1CF7527C00917388 /* Mobile Developer WeekendUITests */ = {
			isa = PBXNativeTarget;
			buildConfigurationList = 8274E56F1CF7527D00917388 /* Build configuration list for PBXNativeTarget "Mobile Developer WeekendUITests" */;
			buildPhases = (
				8274E55C1CF7527C00917388 /* Sources */,
				8274E55D1CF7527C00917388 /* Frameworks */,
				8274E55E1CF7527C00917388 /* Resources */,
			);
			buildRules = (
			);
			dependencies = (
				8274E5621CF7527C00917388 /* PBXTargetDependency */,
			);
			name = "Mobile Developer WeekendUITests";
			productName = "Mobile Developer WeekendUITests";
			productReference = 8274E5601CF7527C00917388 /* Mobile Developer WeekendUITests.xctest */;
			productType = "com.apple.product-type.bundle.ui-testing";
		};
/* End PBXNativeTarget section */

/* Begin PBXProject section */
		8274E5361CF7527C00917388 /* Project object */ = {
			isa = PBXProject;
			attributes = {
				LastSwiftUpdateCheck = 0730;
				LastUpgradeCheck = 0730;
				ORGANIZATIONNAME = ITI;
				TargetAttributes = {
					8274E53D1CF7527C00917388 = {
						CreatedOnToolsVersion = 7.3;
						DevelopmentTeam = B263Y9M649;
					};
					8274E5541CF7527C00917388 = {
						CreatedOnToolsVersion = 7.3;
						TestTargetID = 8274E53D1CF7527C00917388;
					};
					8274E55F1CF7527C00917388 = {
						CreatedOnToolsVersion = 7.3;
						TestTargetID = 8274E53D1CF7527C00917388;
					};
				};
			};
			buildConfigurationList = 8274E5391CF7527C00917388 /* Build configuration list for PBXProject "Mobile Developer Weekend" */;
			compatibilityVersion = "Xcode 3.2";
			developmentRegion = English;
			hasScannedForEncodings = 0;
			knownRegions = (
				en,
				Base,
			);
			mainGroup = 8274E5351CF7527C00917388;
			productRefGroup = 8274E53F1CF7527C00917388 /* Products */;
			projectDirPath = "";
			projectRoot = "";
			targets = (
				8274E53D1CF7527C00917388 /* Mobile Developer Weekend */,
				8274E5541CF7527C00917388 /* Mobile Developer WeekendTests */,
				8274E55F1CF7527C00917388 /* Mobile Developer WeekendUITests */,
			);
		};
/* End PBXProject section */

/* Begin PBXResourcesBuildPhase section */
		8274E53C1CF7527C00917388 /* Resources */ = {
			isa = PBXResourcesBuildPhase;
			buildActionMask = 2147483647;
			files = (
				8274E54F1CF7527C00917388 /* LaunchScreen.storyboard in Resources */,
				8274E54C1CF7527C00917388 /* Assets.xcassets in Resources */,
				8274E5471CF7527C00917388 /* Main.storyboard in Resources */,
			);
			runOnlyForDeploymentPostprocessing = 0;
		};
		8274E5531CF7527C00917388 /* Resources */ = {
			isa = PBXResourcesBuildPhase;
			buildActionMask = 2147483647;
			files = (
			);
			runOnlyForDeploymentPostprocessing = 0;
		};
		8274E55E1CF7527C00917388 /* Resources */ = {
			isa = PBXResourcesBuildPhase;
			buildActionMask = 2147483647;
			files = (
			);
			runOnlyForDeploymentPostprocessing = 0;
		};
/* End PBXResourcesBuildPhase section */

/* Begin PBXSourcesBuildPhase section */
		8274E53A1CF7527C00917388 /* Sources */ = {
			isa = PBXSourcesBuildPhase;
			buildActionMask = 2147483647;
			files = (
				826CB4FD1CF76F8900E3D701 /* User.swift in Sources */,
				826CB4F51CF76F8900E3D701 /* Session.swift in Sources */,
				826CB4F41CF76F8900E3D701 /* Session+CoreDataProperties.swift in Sources */,
				826CB4FC1CF76F8900E3D701 /* User+CoreDataProperties.swift in Sources */,
				826CB4FA1CF76F8900E3D701 /* Speaker+CoreDataProperties.swift in Sources */,
				8274E54A1CF7527C00917388 /* Mobile_Developer_Weekend.xcdatamodeld in Sources */,
				8274E5441CF7527C00917388 /* ViewController.swift in Sources */,
				826CB4FB1CF76F8900E3D701 /* Speaker.swift in Sources */,
				826CB4F91CF76F8900E3D701 /* Exhibitor.swift in Sources */,
				826CB4F71CF76F8900E3D701 /* Contact_Info.swift in Sources */,
				826CB4F61CF76F8900E3D701 /* Contact_Info+CoreDataProperties.swift in Sources */,
				826CB4F81CF76F8900E3D701 /* Exhibitor+CoreDataProperties.swift in Sources */,
				826CB5001CF7771900E3D701 /* GenericDAO.swift in Sources */,
				8274E5421CF7527C00917388 /* AppDelegate.swift in Sources */,
			);
			runOnlyForDeploymentPostprocessing = 0;
		};
		8274E5511CF7527C00917388 /* Sources */ = {
			isa = PBXSourcesBuildPhase;
			buildActionMask = 2147483647;
			files = (
				8274E55A1CF7527C00917388 /* Mobile_Developer_WeekendTests.swift in Sources */,
			);
			runOnlyForDeploymentPostprocessing = 0;
		};
		8274E55C1CF7527C00917388 /* Sources */ = {
			isa = PBXSourcesBuildPhase;
			buildActionMask = 2147483647;
			files = (
				8274E5651CF7527C00917388 /* Mobile_Developer_WeekendUITests.swift in Sources */,
			);
			runOnlyForDeploymentPostprocessing = 0;
		};
/* End PBXSourcesBuildPhase section */

/* Begin PBXTargetDependency section */
		8274E5571CF7527C00917388 /* PBXTargetDependency */ = {
			isa = PBXTargetDependency;
			target = 8274E53D1CF7527C00917388 /* Mobile Developer Weekend */;
			targetProxy = 8274E5561CF7527C00917388 /* PBXContainerItemProxy */;
		};
		8274E5621CF7527C00917388 /* PBXTargetDependency */ = {
			isa = PBXTargetDependency;
			target = 8274E53D1CF7527C00917388 /* Mobile Developer Weekend */;
			targetProxy = 8274E5611CF7527C00917388 /* PBXContainerItemProxy */;
		};
/* End PBXTargetDependency section */

/* Begin PBXVariantGroup section */
		8274E5451CF7527C00917388 /* Main.storyboard */ = {
			isa = PBXVariantGroup;
			children = (
				8274E5461CF7527C00917388 /* Base */,
			);
			name = Main.storyboard;
			sourceTree = "<group>";
		};
		8274E54D1CF7527C00917388 /* LaunchScreen.storyboard */ = {
			isa = PBXVariantGroup;
			children = (
				8274E54E1CF7527C00917388 /* Base */,
			);
			name = LaunchScreen.storyboard;
			sourceTree = "<group>";
		};
/* End PBXVariantGroup section */

/* Begin XCBuildConfiguration section */
		8274E5671CF7527C00917388 /* Debug */ = {
			isa = XCBuildConfiguration;
			buildSettings = {
				ALWAYS_SEARCH_USER_PATHS = NO;
				CLANG_ANALYZER_NONNULL = YES;
				CLANG_CXX_LANGUAGE_STANDARD = "gnu++0x";
				CLANG_CXX_LIBRARY = "libc++";
				CLANG_ENABLE_MODULES = YES;
				CLANG_ENABLE_OBJC_ARC = YES;
				CLANG_WARN_BOOL_CONVERSION = YES;
				CLANG_WARN_CONSTANT_CONVERSION = YES;
				CLANG_WARN_DIRECT_OBJC_ISA_USAGE = YES_ERROR;
				CLANG_WARN_EMPTY_BODY = YES;
				CLANG_WARN_ENUM_CONVERSION = YES;
				CLANG_WARN_INT_CONVERSION = YES;
				CLANG_WARN_OBJC_ROOT_CLASS = YES_ERROR;
				CLANG_WARN_UNREACHABLE_CODE = YES;
				CLANG_WARN__DUPLICATE_METHOD_MATCH = YES;
				"CODE_SIGN_IDENTITY[sdk=iphoneos*]" = "iPhone Developer";
				COPY_PHASE_STRIP = NO;
				DEBUG_INFORMATION_FORMAT = dwarf;
				ENABLE_STRICT_OBJC_MSGSEND = YES;
				ENABLE_TESTABILITY = YES;
				GCC_C_LANGUAGE_STANDARD = gnu99;
				GCC_DYNAMIC_NO_PIC = NO;
				GCC_NO_COMMON_BLOCKS = YES;
				GCC_OPTIMIZATION_LEVEL = 0;
				GCC_PREPROCESSOR_DEFINITIONS = (
					"DEBUG=1",
					"$(inherited)",
				);
				GCC_WARN_64_TO_32_BIT_CONVERSION = YES;
				GCC_WARN_ABOUT_RETURN_TYPE = YES_ERROR;
				GCC_WARN_UNDECLARED_SELECTOR = YES;
				GCC_WARN_UNINITIALIZED_AUTOS = YES_AGGRESSIVE;
				GCC_WARN_UNUSED_FUNCTION = YES;
				GCC_WARN_UNUSED_VARIABLE = YES;
				IPHONEOS_DEPLOYMENT_TARGET = 9.3;
				MTL_ENABLE_DEBUG_INFO = YES;
				ONLY_ACTIVE_ARCH = YES;
				SDKROOT = iphoneos;
				SWIFT_OPTIMIZATION_LEVEL = "-Onone";
			};
			name = Debug;
		};
		8274E5681CF7527C00917388 /* Release */ = {
			isa = XCBuildConfiguration;
			buildSettings = {
				ALWAYS_SEARCH_USER_PATHS = NO;
				CLANG_ANALYZER_NONNULL = YES;
				CLANG_CXX_LANGUAGE_STANDARD = "gnu++0x";
				CLANG_CXX_LIBRARY = "libc++";
				CLANG_ENABLE_MODULES = YES;
				CLANG_ENABLE_OBJC_ARC = YES;
				CLANG_WARN_BOOL_CONVERSION = YES;
				CLANG_WARN_CONSTANT_CONVERSION = YES;
				CLANG_WARN_DIRECT_OBJC_ISA_USAGE = YES_ERROR;
				CLANG_WARN_EMPTY_BODY = YES;
				CLANG_WARN_ENUM_CONVERSION = YES;
				CLANG_WARN_INT_CONVERSION = YES;
				CLANG_WARN_OBJC_ROOT_CLASS = YES_ERROR;
				CLANG_WARN_UNREACHABLE_CODE = YES;
				CLANG_WARN__DUPLICATE_METHOD_MATCH = YES;
				"CODE_SIGN_IDENTITY[sdk=iphoneos*]" = "iPhone Developer";
				COPY_PHASE_STRIP = NO;
				DEBUG_INFORMATION_FORMAT = "dwarf-with-dsym";
				ENABLE_NS_ASSERTIONS = NO;
				ENABLE_STRICT_OBJC_MSGSEND = YES;
				GCC_C_LANGUAGE_STANDARD = gnu99;
				GCC_NO_COMMON_BLOCKS = YES;
				GCC_WARN_64_TO_32_BIT_CONVERSION = YES;
				GCC_WARN_ABOUT_RETURN_TYPE = YES_ERROR;
				GCC_WARN_UNDECLARED_SELECTOR = YES;
				GCC_WARN_UNINITIALIZED_AUTOS = YES_AGGRESSIVE;
				GCC_WARN_UNUSED_FUNCTION = YES;
				GCC_WARN_UNUSED_VARIABLE = YES;
				IPHONEOS_DEPLOYMENT_TARGET = 9.3;
				MTL_ENABLE_DEBUG_INFO = NO;
				SDKROOT = iphoneos;
				VALIDATE_PRODUCT = YES;
			};
			name = Release;
		};
		8274E56A1CF7527D00917388 /* Debug */ = {
			isa = XCBuildConfiguration;
			buildSettings = {
				ASSETCATALOG_COMPILER_APPICON_NAME = AppIcon;
				CODE_SIGN_IDENTITY = "iPhone Developer";
				INFOPLIST_FILE = "Mobile Developer Weekend/Info.plist";
				LD_RUNPATH_SEARCH_PATHS = "$(inherited) @executable_path/Frameworks";
				PRODUCT_BUNDLE_IDENTIFIER = "JETS.Mobile-Developer-Weekend";
				PRODUCT_NAME = "$(TARGET_NAME)";
			};
			name = Debug;
		};
		8274E56B1CF7527D00917388 /* Release */ = {
			isa = XCBuildConfiguration;
			buildSettings = {
				ASSETCATALOG_COMPILER_APPICON_NAME = AppIcon;
				CODE_SIGN_IDENTITY = "iPhone Developer";
				INFOPLIST_FILE = "Mobile Developer Weekend/Info.plist";
				LD_RUNPATH_SEARCH_PATHS = "$(inherited) @executable_path/Frameworks";
				PRODUCT_BUNDLE_IDENTIFIER = "JETS.Mobile-Developer-Weekend";
				PRODUCT_NAME = "$(TARGET_NAME)";
			};
			name = Release;
		};
		8274E56D1CF7527D00917388 /* Debug */ = {
			isa = XCBuildConfiguration;
			buildSettings = {
				BUNDLE_LOADER = "$(TEST_HOST)";
				INFOPLIST_FILE = "Mobile Developer WeekendTests/Info.plist";
				LD_RUNPATH_SEARCH_PATHS = "$(inherited) @executable_path/Frameworks @loader_path/Frameworks";
				PRODUCT_BUNDLE_IDENTIFIER = "JETS.Mobile-Developer-WeekendTests";
				PRODUCT_NAME = "$(TARGET_NAME)";
				TEST_HOST = "$(BUILT_PRODUCTS_DIR)/Mobile Developer Weekend.app/Mobile Developer Weekend";
			};
			name = Debug;
		};
		8274E56E1CF7527D00917388 /* Release */ = {
			isa = XCBuildConfiguration;
			buildSettings = {
				BUNDLE_LOADER = "$(TEST_HOST)";
				INFOPLIST_FILE = "Mobile Developer WeekendTests/Info.plist";
				LD_RUNPATH_SEARCH_PATHS = "$(inherited) @executable_path/Frameworks @loader_path/Frameworks";
				PRODUCT_BUNDLE_IDENTIFIER = "JETS.Mobile-Developer-WeekendTests";
				PRODUCT_NAME = "$(TARGET_NAME)";
				TEST_HOST = "$(BUILT_PRODUCTS_DIR)/Mobile Developer Weekend.app/Mobile Developer Weekend";
			};
			name = Release;
		};
		8274E5701CF7527D00917388 /* Debug */ = {
			isa = XCBuildConfiguration;
			buildSettings = {
				INFOPLIST_FILE = "Mobile Developer WeekendUITests/Info.plist";
				LD_RUNPATH_SEARCH_PATHS = "$(inherited) @executable_path/Frameworks @loader_path/Frameworks";
				PRODUCT_BUNDLE_IDENTIFIER = "JETS.Mobile-Developer-WeekendUITests";
				PRODUCT_NAME = "$(TARGET_NAME)";
				TEST_TARGET_NAME = "Mobile Developer Weekend";
			};
			name = Debug;
		};
		8274E5711CF7527D00917388 /* Release */ = {
			isa = XCBuildConfiguration;
			buildSettings = {
				INFOPLIST_FILE = "Mobile Developer WeekendUITests/Info.plist";
				LD_RUNPATH_SEARCH_PATHS = "$(inherited) @executable_path/Frameworks @loader_path/Frameworks";
				PRODUCT_BUNDLE_IDENTIFIER = "JETS.Mobile-Developer-WeekendUITests";
				PRODUCT_NAME = "$(TARGET_NAME)";
				TEST_TARGET_NAME = "Mobile Developer Weekend";
			};
			name = Release;
		};
/* End XCBuildConfiguration section */

/* Begin XCConfigurationList section */
		8274E5391CF7527C00917388 /* Build configuration list for PBXProject "Mobile Developer Weekend" */ = {
			isa = XCConfigurationList;
			buildConfigurations = (
				8274E5671CF7527C00917388 /* Debug */,
				8274E5681CF7527C00917388 /* Release */,
			);
			defaultConfigurationIsVisible = 0;
			defaultConfigurationName = Release;
		};
		8274E5691CF7527D00917388 /* Build configuration list for PBXNativeTarget "Mobile Developer Weekend" */ = {
			isa = XCConfigurationList;
			buildConfigurations = (
				8274E56A1CF7527D00917388 /* Debug */,
				8274E56B1CF7527D00917388 /* Release */,
			);
			defaultConfigurationIsVisible = 0;
			defaultConfigurationName = Release;
		};
		8274E56C1CF7527D00917388 /* Build configuration list for PBXNativeTarget "Mobile Developer WeekendTests" */ = {
			isa = XCConfigurationList;
			buildConfigurations = (
				8274E56D1CF7527D00917388 /* Debug */,
				8274E56E1CF7527D00917388 /* Release */,
			);
			defaultConfigurationIsVisible = 0;
			defaultConfigurationName = Release;
		};
		8274E56F1CF7527D00917388 /* Build configuration list for PBXNativeTarget "Mobile Developer WeekendUITests" */ = {
			isa = XCConfigurationList;
			buildConfigurations = (
				8274E5701CF7527D00917388 /* Debug */,
				8274E5711CF7527D00917388 /* Release */,
			);
			defaultConfigurationIsVisible = 0;
			defaultConfigurationName = Release;
		};
/* End XCConfigurationList section */

/* Begin XCVersionGroup section */
		8274E5481CF7527C00917388 /* Mobile_Developer_Weekend.xcdatamodeld */ = {
			isa = XCVersionGroup;
			children = (
				8274E5491CF7527C00917388 /* Mobile_Developer_Weekend.xcdatamodel */,
			);
			currentVersion = 8274E5491CF7527C00917388 /* Mobile_Developer_Weekend.xcdatamodel */;
			path = Mobile_Developer_Weekend.xcdatamodeld;
			sourceTree = "<group>";
			versionGroupType = wrapper.xcdatamodel;
		};
/* End XCVersionGroup section */
	};
	rootObject = 8274E5361CF7527C00917388 /* Project object */;
}
